{
  "nodes": {
    "flake-utils": {
      "locked": {
        "lastModified": 1652776076,
        "narHash": "sha256-gzTw/v1vj4dOVbpBSJX4J0DwUR6LIyXo7/SuuTJp1kM=",
        "owner": "numtide",
        "repo": "flake-utils",
        "rev": "04c1b180862888302ddfb2e3ad9eaa63afc60cf8",
        "type": "github"
      },
      "original": {
        "owner": "numtide",
        "ref": "v1.0.0",
        "repo": "flake-utils",
        "type": "github"
      }
    },
    "nixos": {
      "locked": {
        "lastModified": 1692311310,
        "narHash": "sha256-K3VAwgGl7BnoAbDp6qNoCiE2TRuF7j/3nUao57hfh6U=",
        "owner": "NixOS",
        "repo": "nixpkgs",
        "rev": "53baed0863ff7df14b14444b779ddfaa80621f1a",
        "type": "github"
      },
      "original": {
        "owner": "NixOS",
        "ref": "nixos-23.05",
        "repo": "nixpkgs",
        "type": "github"
      }
    },
    "pythoneda-realm-rydnr-events": {
      "inputs": {
        "flake-utils": [
          "flake-utils"
        ],
        "nixos": [
          "nixos"
        ],
        "pythoneda-shared-pythoneda-banner": [
          "pythoneda-shared-pythoneda-banner"
        ],
        "pythoneda-shared-pythoneda-domain": [
          "pythoneda-shared-pythoneda-domain"
        ]
      },
      "locked": {
        "dir": "events",
        "lastModified": 1692893024,
        "narHash": "sha256-n7G2ed3orQiHm11EjvemR2hT6GuE0THhoQFanl4Wefk=",
        "owner": "pythoneda-realm-rydnr",
        "repo": "events-artifact",
        "rev": "d0d604e6d9d00796307f5750b400ffd5e805d75a",
        "type": "github"
      },
      "original": {
        "dir": "events",
        "owner": "pythoneda-realm-rydnr",
        "ref": "0.0.1a11",
        "repo": "events-artifact",
        "type": "github"
      }
    },
    "pythoneda-realm-rydnr-events-infrastructure": {
      "inputs": {
        "flake-utils": [
          "flake-utils"
        ],
        "nixos": [
          "nixos"
        ],
        "pythoneda-realm-rydnr-events": [
          "pythoneda-realm-rydnr-events"
        ],
        "pythoneda-shared-pythoneda-banner": [
          "pythoneda-shared-pythoneda-banner"
        ],
        "pythoneda-shared-pythoneda-domain": [
          "pythoneda-shared-pythoneda-domain"
        ],
        "pythoneda-shared-pythoneda-infrastructure": [
          "pythoneda-shared-pythoneda-infrastructure"
        ]
      },
      "locked": {
        "dir": "events-infrastructure",
        "lastModified": 1692893236,
        "narHash": "sha256-Osr3vOaV6dYvYoSKaRtSgYtL8FTmLLug62H5oqHxTEc=",
        "owner": "pythoneda-realm-rydnr",
        "repo": "events-infrastructure-artifact",
        "rev": "c0c662679e98e392407f3bb395bfd9aa7faebfd6",
        "type": "github"
      },
      "original": {
        "dir": "events-infrastructure",
        "owner": "pythoneda-realm-rydnr",
        "ref": "0.0.1a11",
        "repo": "events-infrastructure-artifact",
        "type": "github"
      }
    },
    "pythoneda-realm-rydnr-infrastructure": {
      "inputs": {
        "flake-utils": [
          "flake-utils"
        ],
        "nixos": [
          "nixos"
        ],
        "pythoneda-realm-rydnr-events": [
          "pythoneda-realm-rydnr-events"
        ],
        "pythoneda-realm-rydnr-events-infrastructure": [
          "pythoneda-realm-rydnr-events-infrastructure"
        ],
        "pythoneda-realm-rydnr-realm": [
          "pythoneda-realm-rydnr-realm"
        ],
        "pythoneda-shared-artifact-changes-events": [
          "pythoneda-shared-artifact-changes-events"
        ],
        "pythoneda-shared-artifact-changes-events-infrastructure": [
          "pythoneda-shared-artifact-changes-events-infrastructure"
        ],
        "pythoneda-shared-artifact-changes-shared": [
          "pythoneda-shared-artifact-changes-shared"
        ],
        "pythoneda-shared-code-requests-events": [
          "pythoneda-shared-code-requests-events"
        ],
        "pythoneda-shared-code-requests-shared": [
          "pythoneda-shared-code-requests-shared"
        ],
        "pythoneda-shared-git-shared": [
          "pythoneda-shared-git-shared"
        ],
        "pythoneda-shared-pythoneda-banner": [
          "pythoneda-shared-pythoneda-banner"
        ],
        "pythoneda-shared-pythoneda-domain": [
          "pythoneda-shared-pythoneda-domain"
        ],
        "pythoneda-shared-pythoneda-infrastructure": [
          "pythoneda-shared-pythoneda-infrastructure"
        ]
      },
      "locked": {
        "dir": "infrastructure",
        "lastModified": 1692893925,
        "narHash": "sha256-LrGQRPpsUGPhKSQt5xeJsXqKofB+AloqxPsiykE9m4k=",
        "owner": "pythoneda-realm-rydnr",
        "repo": "infrastructure-artifact",
        "rev": "b051514f2a94b9d7564b5a021140908bd85d6fd5",
        "type": "github"
      },
      "original": {
        "dir": "infrastructure",
        "owner": "pythoneda-realm-rydnr",
        "ref": "0.0.1a15",
        "repo": "infrastructure-artifact",
        "type": "github"
      }
    },
    "pythoneda-realm-rydnr-realm": {
      "inputs": {
        "flake-utils": [
          "flake-utils"
        ],
        "nixos": [
          "nixos"
        ],
        "pythoneda-realm-rydnr-events": [
          "pythoneda-realm-rydnr-events"
        ],
        "pythoneda-shared-artifact-changes-events": [
          "pythoneda-shared-artifact-changes-events"
        ],
        "pythoneda-shared-artifact-changes-shared": [
          "pythoneda-shared-artifact-changes-shared"
        ],
        "pythoneda-shared-code-requests-events": [
          "pythoneda-shared-code-requests-events"
        ],
        "pythoneda-shared-code-requests-shared": [
          "pythoneda-shared-code-requests-shared"
        ],
        "pythoneda-shared-git-shared": [
          "pythoneda-shared-git-shared"
        ],
        "pythoneda-shared-pythoneda-banner": [
          "pythoneda-shared-pythoneda-banner"
        ],
        "pythoneda-shared-pythoneda-domain": [
          "pythoneda-shared-pythoneda-domain"
        ]
      },
      "locked": {
        "dir": "realm",
        "lastModified": 1692893548,
        "narHash": "sha256-aHwwtNZZW5QXEAFahn9nJojbscA2gpuWguKcSKCZkBo=",
        "owner": "pythoneda-realm-rydnr",
        "repo": "realm-artifact",
        "rev": "f4bd1d6e757e44d0c95ee299afc0e3c11e2b7758",
        "type": "github"
      },
      "original": {
        "dir": "realm",
        "owner": "pythoneda-realm-rydnr",
        "ref": "0.0.1a13",
        "repo": "realm-artifact",
        "type": "github"
      }
    },
    "pythoneda-shared-artifact-changes-events": {
      "inputs": {
        "flake-utils": [
          "flake-utils"
        ],
        "nixos": [
          "nixos"
        ],
        "pythoneda-shared-artifact-changes-shared": [
          "pythoneda-shared-artifact-changes-shared"
        ],
        "pythoneda-shared-code-requests-events": [
          "pythoneda-shared-code-requests-events"
        ],
        "pythoneda-shared-code-requests-shared": [
          "pythoneda-shared-code-requests-shared"
        ],
        "pythoneda-shared-pythoneda-banner": [
          "pythoneda-shared-pythoneda-banner"
        ],
        "pythoneda-shared-pythoneda-domain": [
          "pythoneda-shared-pythoneda-domain"
        ]
      },
      "locked": {
        "dir": "events",
        "lastModified": 1692892138,
        "narHash": "sha256-xCTNT/KhGLb5mfD7Lj3igNzBbH59KT0bQU6kx2K5IK4=",
        "owner": "pythoneda-shared-artifact-changes",
        "repo": "events-artifact",
        "rev": "5866ba778d7cb0570bbad308d14e9917e29e058b",
        "type": "github"
      },
      "original": {
        "dir": "events",
        "owner": "pythoneda-shared-artifact-changes",
        "ref": "0.0.1a16",
        "repo": "events-artifact",
        "type": "github"
      }
    },
    "pythoneda-shared-artifact-changes-events-infrastructure": {
      "inputs": {
        "flake-utils": [
          "flake-utils"
        ],
        "nixos": [
          "nixos"
        ],
        "pythoneda-shared-artifact-changes-events": [
          "pythoneda-shared-artifact-changes-events"
        ],
        "pythoneda-shared-artifact-changes-shared": [
          "pythoneda-shared-artifact-changes-shared"
        ],
        "pythoneda-shared-code-requests-events": [
          "pythoneda-shared-code-requests-events"
        ],
        "pythoneda-shared-code-requests-shared": [
          "pythoneda-shared-code-requests-shared"
        ],
        "pythoneda-shared-git-shared": [
          "pythoneda-shared-git-shared"
        ],
        "pythoneda-shared-pythoneda-banner": [
          "pythoneda-shared-pythoneda-banner"
        ],
        "pythoneda-shared-pythoneda-domain": [
          "pythoneda-shared-pythoneda-domain"
        ],
        "pythoneda-shared-pythoneda-infrastructure": [
          "pythoneda-shared-pythoneda-infrastructure"
        ]
      },
      "locked": {
        "dir": "events-infrastructure",
        "lastModified": 1692892803,
        "narHash": "sha256-+6oGSLv7okPnHOphavRGmG/nZGmWl+0Q3qgxiYqAXkk=",
        "owner": "pythoneda-shared-artifact-changes",
        "repo": "events-infrastructure-artifact",
        "rev": "5b41d67bb2ffac3a9f4d6e4136e20a65f3a6ad3e",
        "type": "github"
      },
      "original": {
        "dir": "events-infrastructure",
        "owner": "pythoneda-shared-artifact-changes",
        "ref": "0.0.1a10",
        "repo": "events-infrastructure-artifact",
        "type": "github"
      }
    },
    "pythoneda-shared-artifact-changes-shared": {
      "inputs": {
        "flake-utils": [
          "flake-utils"
        ],
        "nixos": [
          "nixos"
        ],
        "pythoneda-shared-pythoneda-banner": [
          "pythoneda-shared-pythoneda-banner"
        ],
        "pythoneda-shared-pythoneda-domain": [
          "pythoneda-shared-pythoneda-domain"
        ]
      },
      "locked": {
        "dir": "shared",
        "lastModified": 1692890999,
        "narHash": "sha256-QTTWqsEUW7ipgTdPApqbJEQL9XPSAGu6JKuHp4KGc44=",
        "owner": "pythoneda-shared-artifact-changes",
        "repo": "shared-artifact",
        "rev": "1ec23b469129dc16e67a14f3ede12ff10b1c2d41",
        "type": "github"
      },
      "original": {
        "dir": "shared",
        "owner": "pythoneda-shared-artifact-changes",
        "ref": "0.0.1a10",
        "repo": "shared-artifact",
        "type": "github"
      }
    },
    "pythoneda-shared-code-requests-events": {
      "inputs": {
        "flake-utils": [
          "flake-utils"
        ],
        "nixos": [
          "nixos"
        ],
        "pythoneda-shared-artifact-changes-shared": [
          "pythoneda-shared-artifact-changes-shared"
        ],
        "pythoneda-shared-code-requests-shared": [
          "pythoneda-shared-code-requests-shared"
        ],
        "pythoneda-shared-pythoneda-banner": [
          "pythoneda-shared-pythoneda-banner"
        ],
        "pythoneda-shared-pythoneda-domain": [
          "pythoneda-shared-pythoneda-domain"
        ]
      },
      "locked": {
        "dir": "events",
        "lastModified": 1692891491,
        "narHash": "sha256-+YAGeYl6JTktL+hhlnEww+086NpFWX+BRzWOsVJ11MA=",
        "owner": "pythoneda-shared-code-requests",
        "repo": "events-artifact",
        "rev": "e80734446a212687c40fbeffedfe5edfde90ee3b",
        "type": "github"
      },
      "original": {
        "dir": "events",
        "owner": "pythoneda-shared-code-requests",
        "ref": "0.0.1a6",
        "repo": "events-artifact",
        "type": "github"
      }
    },
    "pythoneda-shared-code-requests-jupyter": {
      "inputs": {
        "flake-utils": [
          "flake-utils"
        ],
        "nixos": [
          "nixos"
        ],
        "pythoneda-shared-code-requests-shared": [
          "pythoneda-shared-code-requests-shared"
        ],
        "pythoneda-shared-pythoneda-banner": [
          "pythoneda-shared-pythoneda-banner"
        ],
        "pythoneda-shared-pythoneda-domain": [
          "pythoneda-shared-pythoneda-domain"
        ]
      },
      "locked": {
        "dir": "jupyter",
        "lastModified": 1692891727,
        "narHash": "sha256-BREo9mB4c0BoL2xMN/klH+C2bgrIij8w7vL3BgbqplQ=",
        "owner": "pythoneda-shared-code-requests",
        "repo": "jupyter-artifact",
        "rev": "7a1f9489ad0e9bf4cd38f2ab388613869b4e5cfb",
        "type": "github"
      },
      "original": {
        "dir": "jupyter",
        "owner": "pythoneda-shared-code-requests",
        "ref": "0.0.1a5",
        "repo": "jupyter-artifact",
        "type": "github"
      }
    },
    "pythoneda-shared-code-requests-nix-flake": {
      "inputs": {
        "flake-utils": [
          "flake-utils"
        ],
        "nixos": [
          "nixos"
        ],
        "pythoneda-shared-code-requests-shared": [
          "pythoneda-shared-code-requests-shared"
        ],
        "pythoneda-shared-pythoneda-banner": [
          "pythoneda-shared-pythoneda-banner"
        ],
        "pythoneda-shared-pythoneda-domain": [
          "pythoneda-shared-pythoneda-domain"
        ]
      },
      "locked": {
        "dir": "nix-flake",
        "lastModified": 1692891934,
        "narHash": "sha256-7a0djTJ9FJTGtfN7aZ7CNtOq3ut/c51RPpXU9/34xE0=",
        "owner": "pythoneda-shared-code-requests",
        "repo": "nix-flake-artifact",
        "rev": "5c9e58f970d441e063addfd7af4e96c0649889ce",
        "type": "github"
      },
      "original": {
        "dir": "nix-flake",
        "owner": "pythoneda-shared-code-requests",
        "ref": "0.0.1a5",
        "repo": "nix-flake-artifact",
        "type": "github"
      }
    },
    "pythoneda-shared-code-requests-shared": {
      "inputs": {
        "flake-utils": [
          "flake-utils"
        ],
        "nixos": [
          "nixos"
        ],
        "pythoneda-shared-pythoneda-banner": [
          "pythoneda-shared-pythoneda-banner"
        ],
        "pythoneda-shared-pythoneda-domain": [
          "pythoneda-shared-pythoneda-domain"
        ]
      },
      "locked": {
        "dir": "shared",
        "lastModified": 1692891317,
        "narHash": "sha256-WYSprcuk93cMowK8nLD0AH9tPZyP/PaqLctJDfgrxG0=",
        "owner": "pythoneda-shared-code-requests",
        "repo": "shared-artifact",
        "rev": "b425ddd499b19f2c89cb558b341d31a3f94a6337",
        "type": "github"
      },
      "original": {
        "dir": "shared",
        "owner": "pythoneda-shared-code-requests",
        "ref": "0.0.1a6",
        "repo": "shared-artifact",
        "type": "github"
      }
    },
    "pythoneda-shared-git-shared": {
      "inputs": {
        "flake-utils": [
          "flake-utils"
        ],
        "nixos": [
          "nixos"
        ],
        "pythoneda-shared-pythoneda-banner": [
          "pythoneda-shared-pythoneda-banner"
        ],
        "pythoneda-shared-pythoneda-domain": [
          "pythoneda-shared-pythoneda-domain"
        ]
      },
      "locked": {
        "dir": "shared",
        "lastModified": 1692890795,
        "narHash": "sha256-tKmVfNBvvVQ1TB/On7ydKAxWhTdq4+aGAtI+E4DMiEc=",
        "owner": "pythoneda-shared-git",
        "repo": "shared-artifact",
        "rev": "5f8d09641c9b8add14e636fe3c84629c52572257",
        "type": "github"
      },
      "original": {
        "dir": "shared",
        "owner": "pythoneda-shared-git",
        "ref": "0.0.1a14",
        "repo": "shared-artifact",
        "type": "github"
      }
    },
    "pythoneda-shared-pythoneda-application": {
      "inputs": {
        "flake-utils": [
          "flake-utils"
        ],
        "nixos": [
          "nixos"
        ],
        "pythoneda-shared-pythoneda-banner": [
          "pythoneda-shared-pythoneda-banner"
        ],
        "pythoneda-shared-pythoneda-domain": [
          "pythoneda-shared-pythoneda-domain"
        ],
        "pythoneda-shared-pythoneda-infrastructure": [
          "pythoneda-shared-pythoneda-infrastructure"
        ]
      },
      "locked": {
        "dir": "application",
        "lastModified": 1692890611,
        "narHash": "sha256-vRdj48lPeoBQNbZ5kQ8Ht1mbIAlKAtpHZqGjXehVeFA=",
        "owner": "pythoneda-shared-pythoneda",
        "repo": "application-artifact",
        "rev": "1cf21e026faedbf5b9bcde5b3e3b725e443b4244",
        "type": "github"
      },
      "original": {
        "dir": "application",
        "owner": "pythoneda-shared-pythoneda",
        "ref": "0.0.1a26",
        "repo": "application-artifact",
        "type": "github"
      }
    },
    "pythoneda-shared-pythoneda-banner": {
      "inputs": {
        "flake-utils": [
          "flake-utils"
        ],
        "nixos": [
          "nixos"
        ]
      },
      "locked": {
        "lastModified": 1692873465,
        "narHash": "sha256-VtbGIjpwP7CJlpjYm0qzKztpfDQNYQq7u0nEVMJ88QY=",
        "owner": "pythoneda-shared-pythoneda",
        "repo": "banner",
        "rev": "e19cbdc9499627ff7d933435854d5f83579bbd31",
        "type": "github"
      },
      "original": {
        "owner": "pythoneda-shared-pythoneda",
        "ref": "0.0.1a16",
        "repo": "banner",
        "type": "github"
      }
    },
    "pythoneda-shared-pythoneda-domain": {
      "inputs": {
        "flake-utils": [
          "flake-utils"
        ],
        "nixos": [
          "nixos"
        ],
        "pythoneda-shared-pythoneda-banner": [
          "pythoneda-shared-pythoneda-banner"
        ]
      },
      "locked": {
        "dir": "domain",
        "lastModified": 1692890106,
        "narHash": "sha256-P77CZis6f55Ivl/tZ8RTOUH9dxFCXpChb9PfseyYcT0=",
        "owner": "pythoneda-shared-pythoneda",
        "repo": "domain-artifact",
        "rev": "57b71acc1edc7ad1efd3f3ab9c2e880fd22d7586",
        "type": "github"
      },
      "original": {
        "dir": "domain",
        "owner": "pythoneda-shared-pythoneda",
        "ref": "0.0.1a37",
        "repo": "domain-artifact",
        "type": "github"
      }
    },
    "pythoneda-shared-pythoneda-infrastructure": {
      "inputs": {
        "flake-utils": [
          "flake-utils"
        ],
        "nixos": [
          "nixos"
        ],
        "pythoneda-shared-pythoneda-banner": [
          "pythoneda-shared-pythoneda-banner"
        ],
        "pythoneda-shared-pythoneda-domain": [
          "pythoneda-shared-pythoneda-domain"
        ]
      },
      "locked": {
        "dir": "infrastructure",
        "lastModified": 1692890205,
        "narHash": "sha256-CW1Qz+REizMcLLd3L7/U8OrTMMMuv6hbUmAH0xFAsP8=",
        "owner": "pythoneda-shared-pythoneda",
        "repo": "infrastructure-artifact",
        "rev": "31ef448035d8a7b6495a07b81a43cf3805aaf823",
        "type": "github"
      },
      "original": {
        "dir": "infrastructure",
        "owner": "pythoneda-shared-pythoneda",
        "ref": "0.0.1a23",
        "repo": "infrastructure-artifact",
        "type": "github"
      }
    },
    "root": {
      "inputs": {
        "flake-utils": "flake-utils",
        "nixos": "nixos",
        "pythoneda-realm-rydnr-events": "pythoneda-realm-rydnr-events",
        "pythoneda-realm-rydnr-events-infrastructure": "pythoneda-realm-rydnr-events-infrastructure",
        "pythoneda-realm-rydnr-infrastructure": "pythoneda-realm-rydnr-infrastructure",
        "pythoneda-realm-rydnr-realm": "pythoneda-realm-rydnr-realm",
        "pythoneda-shared-artifact-changes-events": "pythoneda-shared-artifact-changes-events",
        "pythoneda-shared-artifact-changes-events-infrastructure": "pythoneda-shared-artifact-changes-events-infrastructure",
        "pythoneda-shared-artifact-changes-shared": "pythoneda-shared-artifact-changes-shared",
        "pythoneda-shared-code-requests-events": "pythoneda-shared-code-requests-events",
        "pythoneda-shared-code-requests-jupyter": "pythoneda-shared-code-requests-jupyter",
        "pythoneda-shared-code-requests-nix-flake": "pythoneda-shared-code-requests-nix-flake",
        "pythoneda-shared-code-requests-shared": "pythoneda-shared-code-requests-shared",
        "pythoneda-shared-git-shared": "pythoneda-shared-git-shared",
        "pythoneda-shared-pythoneda-application": "pythoneda-shared-pythoneda-application",
        "pythoneda-shared-pythoneda-banner": "pythoneda-shared-pythoneda-banner",
        "pythoneda-shared-pythoneda-domain": "pythoneda-shared-pythoneda-domain",
        "pythoneda-shared-pythoneda-infrastructure": "pythoneda-shared-pythoneda-infrastructure"
      }
    }
  },
  "root": "root",
  "version": 7
}
